
Microsoft Visual Studio Solution File, Format Version 12.00
# Visual Studio Version 16
VisualStudioVersion = 16.0.29728.190
MinimumVisualStudioVersion = 10.0.40219.1
Project("{8BC9CEB8-8B4A-11D0-8D11-00A0C91BC942}") = "AnubisEncryptionAlgorithm", "AnubisEncryptionAlgorithm\AnubisEncryptionAlgorithm.vcxproj", "{A430C99A-B88D-4363-A707-D6363ABFC71F}"
EndProject
Project("{8BC9CEB8-8B4A-11D0-8D11-00A0C91BC942}") = "AnubisTests", "AnubisTests\AnubisTests.vcxproj", "{98873434-2CAE-4D78-85D3-3EAD2394E9A7}"
EndProject
Global
	GlobalSection(SolutionConfigurationPlatforms) = preSolution
		Debug|x64 = Debug|x64
		Debug|x86 = Debug|x86
		Release|x64 = Release|x64
		Release|x86 = Release|x86
	EndGlobalSection
	GlobalSection(ProjectConfigurationPlatforms) = postSolution
		{A430C99A-B88D-4363-A707-D6363ABFC71F}.Debug|x64.ActiveCfg = Debug|x64
		{A430C99A-B88D-4363-A707-D6363ABFC71F}.Debug|x64.Build.0 = Debug|x64
		{A430C99A-B88D-4363-A707-D6363ABFC71F}.Debug|x86.ActiveCfg = Debug|Win32
		{A430C99A-B88D-4363-A707-D6363ABFC71F}.Debug|x86.Build.0 = Debug|Win32
		{A430C99A-B88D-4363-A707-D6363ABFC71F}.Release|x64.ActiveCfg = Release|x64
		{A430C99A-B88D-4363-A707-D6363ABFC71F}.Release|x64.Build.0 = Release|x64
		{A430C99A-B88D-4363-A707-D6363ABFC71F}.Release|x86.ActiveCfg = Release|Win32
		{A430C99A-B88D-4363-A707-D6363ABFC71F}.Release|x86.Build.0 = Release|Win32
		{98873434-2CAE-4D78-85D3-3EAD2394E9A7}.Debug|x64.ActiveCfg = Debug|x64
		{98873434-2CAE-4D78-85D3-3EAD2394E9A7}.Debug|x64.Build.0 = Debug|x64
		{98873434-2CAE-4D78-85D3-3EAD2394E9A7}.Debug|x86.ActiveCfg = Debug|Win32
		{98873434-2CAE-4D78-85D3-3EAD2394E9A7}.Debug|x86.Build.0 = Debug|Win32
		{98873434-2CAE-4D78-85D3-3EAD2394E9A7}.Release|x64.ActiveCfg = Release|x64
		{98873434-2CAE-4D78-85D3-3EAD2394E9A7}.Release|x64.Build.0 = Release|x64
		{98873434-2CAE-4D78-85D3-3EAD2394E9A7}.Release|x86.ActiveCfg = Release|Win32
		{98873434-2CAE-4D78-85D3-3EAD2394E9A7}.Release|x86.Build.0 = Release|Win32
	EndGlobalSection
	GlobalSection(SolutionProperties) = preSolution
		HideSolutionNode = FALSE
	EndGlobalSection
	GlobalSection(ExtensibilityGlobals) = postSolution
		SolutionGuid = {53457111-3CEE-49A2-958D-522710404BAF}
	EndGlobalSection
EndGlobal
